// !$*UTF8*$!
{
	archiveVersion = 1;
	classes = {
	};
	objectVersion = 56;
	objects = {

/* Begin PBXBuildFile section */
		4B15936E2B51CBA800E8AB18 /* Formatters.swift in Sources */ = {isa = PBXBuildFile; fileRef = 4B15936D2B51CBA800E8AB18 /* Formatters.swift */; };
		4B1593702B51D62800E8AB18 /* MockAPI.swift in Sources */ = {isa = PBXBuildFile; fileRef = 4B15936F2B51D62800E8AB18 /* MockAPI.swift */; };
		4B1593722B51D6E300E8AB18 /* MockData.swift in Sources */ = {isa = PBXBuildFile; fileRef = 4B1593712B51D6E300E8AB18 /* MockData.swift */; };
		4B1593742B51E25400E8AB18 /* Type.swift in Sources */ = {isa = PBXBuildFile; fileRef = 4B1593732B51E25400E8AB18 /* Type.swift */; };
		4B1593762B55D2B200E8AB18 /* TemtemImages.swift in Sources */ = {isa = PBXBuildFile; fileRef = 4B1593752B55D2B200E8AB18 /* TemtemImages.swift */; };
		4B1593792B55D9A100E8AB18 /* TemtemImageView.swift in Sources */ = {isa = PBXBuildFile; fileRef = 4B1593782B55D9A100E8AB18 /* TemtemImageView.swift */; };
		4B15937C2B560F6B00E8AB18 /* TemtemDetailsView.swift in Sources */ = {isa = PBXBuildFile; fileRef = 4B15937B2B560F6B00E8AB18 /* TemtemDetailsView.swift */; };
		4B15937E2B560F7C00E8AB18 /* TemtemDetailsReducer.swift in Sources */ = {isa = PBXBuildFile; fileRef = 4B15937D2B560F7C00E8AB18 /* TemtemDetailsReducer.swift */; };
		4BADED302B50A4EB00E7D428 /* HomeView.swift in Sources */ = {isa = PBXBuildFile; fileRef = 4BADED2F2B50A4EB00E7D428 /* HomeView.swift */; };
		4BADED322B50A50700E7D428 /* HomeReducer.swift in Sources */ = {isa = PBXBuildFile; fileRef = 4BADED312B50A50700E7D428 /* HomeReducer.swift */; };
		4BADED352B50AEAF00E7D428 /* TemtemListReducer.swift in Sources */ = {isa = PBXBuildFile; fileRef = 4BADED342B50AEAF00E7D428 /* TemtemListReducer.swift */; };
		4BADED372B50B0CE00E7D428 /* TemtemListView.swift in Sources */ = {isa = PBXBuildFile; fileRef = 4BADED362B50B0CE00E7D428 /* TemtemListView.swift */; };
		4BADED3D2B50B4D900E7D428 /* ItemsListReducer.swift in Sources */ = {isa = PBXBuildFile; fileRef = 4BADED3C2B50B4D900E7D428 /* ItemsListReducer.swift */; };
		4BADED3F2B50B4E400E7D428 /* ItemsListView.swift in Sources */ = {isa = PBXBuildFile; fileRef = 4BADED3E2B50B4E400E7D428 /* ItemsListView.swift */; };
		4BADED412B50B4FA00E7D428 /* MovesListReducer.swift in Sources */ = {isa = PBXBuildFile; fileRef = 4BADED402B50B4FA00E7D428 /* MovesListReducer.swift */; };
		4BADED432B50B50200E7D428 /* MovesListView.swift in Sources */ = {isa = PBXBuildFile; fileRef = 4BADED422B50B50200E7D428 /* MovesListView.swift */; };
		4BADED452B50B50E00E7D428 /* TechniquesListReducer.swift in Sources */ = {isa = PBXBuildFile; fileRef = 4BADED442B50B50E00E7D428 /* TechniquesListReducer.swift */; };
		4BADED472B50B51A00E7D428 /* TechniquesListView.swift in Sources */ = {isa = PBXBuildFile; fileRef = 4BADED462B50B51A00E7D428 /* TechniquesListView.swift */; };
		4BADED492B50B52400E7D428 /* TypesListReducer.swift in Sources */ = {isa = PBXBuildFile; fileRef = 4BADED482B50B52400E7D428 /* TypesListReducer.swift */; };
		4BADED4B2B50B52D00E7D428 /* TypesListView.swift in Sources */ = {isa = PBXBuildFile; fileRef = 4BADED4A2B50B52D00E7D428 /* TypesListView.swift */; };
		4BADED502B51B55600E7D428 /* API.swift in Sources */ = {isa = PBXBuildFile; fileRef = 4BADED4F2B51B55600E7D428 /* API.swift */; };
		4BADED522B51B60800E7D428 /* Endpoint.swift in Sources */ = {isa = PBXBuildFile; fileRef = 4BADED512B51B60800E7D428 /* Endpoint.swift */; };
		4BADED542B51B61B00E7D428 /* NetworkState.swift in Sources */ = {isa = PBXBuildFile; fileRef = 4BADED532B51B61B00E7D428 /* NetworkState.swift */; };
		4BADED582B51B6EB00E7D428 /* LiveAPI.swift in Sources */ = {isa = PBXBuildFile; fileRef = 4BADED572B51B6EB00E7D428 /* LiveAPI.swift */; };
		4BADED5A2B51B83400E7D428 /* Storage.swift in Sources */ = {isa = PBXBuildFile; fileRef = 4BADED592B51B83400E7D428 /* Storage.swift */; };
		4BADED5D2B51B94300E7D428 /* Temtem.swift in Sources */ = {isa = PBXBuildFile; fileRef = 4BADED5C2B51B94300E7D428 /* Temtem.swift */; };
		4BADED5F2B51BE2B00E7D428 /* NetworkDependency.swift in Sources */ = {isa = PBXBuildFile; fileRef = 4BADED5E2B51BE2B00E7D428 /* NetworkDependency.swift */; };
		4BADED612B51BE6700E7D428 /* StorageDependency.swift in Sources */ = {isa = PBXBuildFile; fileRef = 4BADED602B51BE6700E7D428 /* StorageDependency.swift */; };
		4BB3BAFE2B5056F600A75DF2 /* ComposableArchitecture in Frameworks */ = {isa = PBXBuildFile; productRef = 4BB3BAFD2B5056F600A75DF2 /* ComposableArchitecture */; };
		4BB3BB002B50579900A75DF2 /* AppView.swift in Sources */ = {isa = PBXBuildFile; fileRef = 4BB3BAFF2B50579900A75DF2 /* AppView.swift */; };
		4BB3BB022B5057CE00A75DF2 /* AppReducer.swift in Sources */ = {isa = PBXBuildFile; fileRef = 4BB3BB012B5057CE00A75DF2 /* AppReducer.swift */; };
		4BB3BB152B505F9000A75DF2 /* swiftgen.yml in Resources */ = {isa = PBXBuildFile; fileRef = 4BB3BB142B505F9000A75DF2 /* swiftgen.yml */; };
		4BECD3162B504ED50075BB51 /* TempediaApp.swift in Sources */ = {isa = PBXBuildFile; fileRef = 4BECD3152B504ED50075BB51 /* TempediaApp.swift */; };
		4BECD31A2B504ED70075BB51 /* Assets.xcassets in Resources */ = {isa = PBXBuildFile; fileRef = 4BECD3192B504ED70075BB51 /* Assets.xcassets */; };
		4BECD31D2B504ED70075BB51 /* Preview Assets.xcassets in Resources */ = {isa = PBXBuildFile; fileRef = 4BECD31C2B504ED70075BB51 /* Preview Assets.xcassets */; };
/* End PBXBuildFile section */

/* Begin PBXFileReference section */
		4B15936D2B51CBA800E8AB18 /* Formatters.swift */ = {isa = PBXFileReference; lastKnownFileType = sourcecode.swift; path = Formatters.swift; sourceTree = "<group>"; };
		4B15936F2B51D62800E8AB18 /* MockAPI.swift */ = {isa = PBXFileReference; lastKnownFileType = sourcecode.swift; path = MockAPI.swift; sourceTree = "<group>"; };
		4B1593712B51D6E300E8AB18 /* MockData.swift */ = {isa = PBXFileReference; lastKnownFileType = sourcecode.swift; path = MockData.swift; sourceTree = "<group>"; };
		4B1593732B51E25400E8AB18 /* Type.swift */ = {isa = PBXFileReference; lastKnownFileType = sourcecode.swift; path = Type.swift; sourceTree = "<group>"; };
		4B1593752B55D2B200E8AB18 /* TemtemImages.swift */ = {isa = PBXFileReference; lastKnownFileType = sourcecode.swift; path = TemtemImages.swift; sourceTree = "<group>"; };
		4B1593782B55D9A100E8AB18 /* TemtemImageView.swift */ = {isa = PBXFileReference; lastKnownFileType = sourcecode.swift; path = TemtemImageView.swift; sourceTree = "<group>"; };
		4B15937B2B560F6B00E8AB18 /* TemtemDetailsView.swift */ = {isa = PBXFileReference; lastKnownFileType = sourcecode.swift; path = TemtemDetailsView.swift; sourceTree = "<group>"; };
		4B15937D2B560F7C00E8AB18 /* TemtemDetailsReducer.swift */ = {isa = PBXFileReference; lastKnownFileType = sourcecode.swift; path = TemtemDetailsReducer.swift; sourceTree = "<group>"; };
		4BADED2F2B50A4EB00E7D428 /* HomeView.swift */ = {isa = PBXFileReference; lastKnownFileType = sourcecode.swift; path = HomeView.swift; sourceTree = "<group>"; };
		4BADED312B50A50700E7D428 /* HomeReducer.swift */ = {isa = PBXFileReference; lastKnownFileType = sourcecode.swift; path = HomeReducer.swift; sourceTree = "<group>"; };
		4BADED342B50AEAF00E7D428 /* TemtemListReducer.swift */ = {isa = PBXFileReference; lastKnownFileType = sourcecode.swift; path = TemtemListReducer.swift; sourceTree = "<group>"; };
		4BADED362B50B0CE00E7D428 /* TemtemListView.swift */ = {isa = PBXFileReference; lastKnownFileType = sourcecode.swift; path = TemtemListView.swift; sourceTree = "<group>"; };
		4BADED3C2B50B4D900E7D428 /* ItemsListReducer.swift */ = {isa = PBXFileReference; lastKnownFileType = sourcecode.swift; path = ItemsListReducer.swift; sourceTree = "<group>"; };
		4BADED3E2B50B4E400E7D428 /* ItemsListView.swift */ = {isa = PBXFileReference; lastKnownFileType = sourcecode.swift; path = ItemsListView.swift; sourceTree = "<group>"; };
		4BADED402B50B4FA00E7D428 /* MovesListReducer.swift */ = {isa = PBXFileReference; lastKnownFileType = sourcecode.swift; path = MovesListReducer.swift; sourceTree = "<group>"; };
		4BADED422B50B50200E7D428 /* MovesListView.swift */ = {isa = PBXFileReference; lastKnownFileType = sourcecode.swift; path = MovesListView.swift; sourceTree = "<group>"; };
		4BADED442B50B50E00E7D428 /* TechniquesListReducer.swift */ = {isa = PBXFileReference; lastKnownFileType = sourcecode.swift; path = TechniquesListReducer.swift; sourceTree = "<group>"; };
		4BADED462B50B51A00E7D428 /* TechniquesListView.swift */ = {isa = PBXFileReference; lastKnownFileType = sourcecode.swift; path = TechniquesListView.swift; sourceTree = "<group>"; };
		4BADED482B50B52400E7D428 /* TypesListReducer.swift */ = {isa = PBXFileReference; lastKnownFileType = sourcecode.swift; path = TypesListReducer.swift; sourceTree = "<group>"; };
		4BADED4A2B50B52D00E7D428 /* TypesListView.swift */ = {isa = PBXFileReference; lastKnownFileType = sourcecode.swift; path = TypesListView.swift; sourceTree = "<group>"; };
		4BADED4F2B51B55600E7D428 /* API.swift */ = {isa = PBXFileReference; lastKnownFileType = sourcecode.swift; path = API.swift; sourceTree = "<group>"; };
		4BADED512B51B60800E7D428 /* Endpoint.swift */ = {isa = PBXFileReference; lastKnownFileType = sourcecode.swift; path = Endpoint.swift; sourceTree = "<group>"; };
		4BADED532B51B61B00E7D428 /* NetworkState.swift */ = {isa = PBXFileReference; lastKnownFileType = sourcecode.swift; path = NetworkState.swift; sourceTree = "<group>"; };
		4BADED572B51B6EB00E7D428 /* LiveAPI.swift */ = {isa = PBXFileReference; lastKnownFileType = sourcecode.swift; path = LiveAPI.swift; sourceTree = "<group>"; };
		4BADED592B51B83400E7D428 /* Storage.swift */ = {isa = PBXFileReference; lastKnownFileType = sourcecode.swift; path = Storage.swift; sourceTree = "<group>"; };
		4BADED5C2B51B94300E7D428 /* Temtem.swift */ = {isa = PBXFileReference; lastKnownFileType = sourcecode.swift; path = Temtem.swift; sourceTree = "<group>"; };
		4BADED5E2B51BE2B00E7D428 /* NetworkDependency.swift */ = {isa = PBXFileReference; lastKnownFileType = sourcecode.swift; path = NetworkDependency.swift; sourceTree = "<group>"; };
		4BADED602B51BE6700E7D428 /* StorageDependency.swift */ = {isa = PBXFileReference; lastKnownFileType = sourcecode.swift; path = StorageDependency.swift; sourceTree = "<group>"; };
		4BB3BAFF2B50579900A75DF2 /* AppView.swift */ = {isa = PBXFileReference; lastKnownFileType = sourcecode.swift; path = AppView.swift; sourceTree = "<group>"; };
		4BB3BB012B5057CE00A75DF2 /* AppReducer.swift */ = {isa = PBXFileReference; lastKnownFileType = sourcecode.swift; path = AppReducer.swift; sourceTree = "<group>"; };
		4BB3BB142B505F9000A75DF2 /* swiftgen.yml */ = {isa = PBXFileReference; fileEncoding = 4; lastKnownFileType = text.yaml; path = swiftgen.yml; sourceTree = SOURCE_ROOT; };
		4BECD3122B504ED50075BB51 /* Tempedia.app */ = {isa = PBXFileReference; explicitFileType = wrapper.application; includeInIndex = 0; path = Tempedia.app; sourceTree = BUILT_PRODUCTS_DIR; };
		4BECD3152B504ED50075BB51 /* TempediaApp.swift */ = {isa = PBXFileReference; lastKnownFileType = sourcecode.swift; path = TempediaApp.swift; sourceTree = "<group>"; };
		4BECD3192B504ED70075BB51 /* Assets.xcassets */ = {isa = PBXFileReference; lastKnownFileType = folder.assetcatalog; path = Assets.xcassets; sourceTree = "<group>"; };
		4BECD31C2B504ED70075BB51 /* Preview Assets.xcassets */ = {isa = PBXFileReference; lastKnownFileType = folder.assetcatalog; path = "Preview Assets.xcassets"; sourceTree = "<group>"; };
/* End PBXFileReference section */

/* Begin PBXFrameworksBuildPhase section */
		4BECD30F2B504ED50075BB51 /* Frameworks */ = {
			isa = PBXFrameworksBuildPhase;
			buildActionMask = 2147483647;
			files = (
				4BB3BAFE2B5056F600A75DF2 /* ComposableArchitecture in Frameworks */,
			);
			runOnlyForDeploymentPostprocessing = 0;
		};
/* End PBXFrameworksBuildPhase section */

/* Begin PBXGroup section */
		4B15936C2B51CB9D00E8AB18 /* Logic */ = {
			isa = PBXGroup;
			children = (
				4B15936D2B51CBA800E8AB18 /* Formatters.swift */,
			);
			path = Logic;
			sourceTree = "<group>";
		};
		4B1593772B55D98300E8AB18 /* TemtemImage */ = {
			isa = PBXGroup;
			children = (
				4B1593782B55D9A100E8AB18 /* TemtemImageView.swift */,
			);
			path = TemtemImage;
			sourceTree = "<group>";
		};
		4B15937A2B560F5600E8AB18 /* TemtemDetails */ = {
			isa = PBXGroup;
			children = (
				4B15937D2B560F7C00E8AB18 /* TemtemDetailsReducer.swift */,
				4B15937B2B560F6B00E8AB18 /* TemtemDetailsView.swift */,
			);
			path = TemtemDetails;
			sourceTree = "<group>";
		};
		4BADED2D2B50A42300E7D428 /* Source */ = {
			isa = PBXGroup;
			children = (
				4BADED2E2B50A43200E7D428 /* Views */,
				4BADED4C2B51B4BF00E7D428 /* Network */,
				4BADED4E2B51B4ED00E7D428 /* Storage */,
				4BADED4D2B51B4C600E7D428 /* Dependencies */,
				4B15936C2B51CB9D00E8AB18 /* Logic */,
			);
			path = Source;
			sourceTree = "<group>";
		};
		4BADED2E2B50A43200E7D428 /* Views */ = {
			isa = PBXGroup;
			children = (
				4BADED312B50A50700E7D428 /* HomeReducer.swift */,
				4BADED2F2B50A4EB00E7D428 /* HomeView.swift */,
				4BADED332B50AE8900E7D428 /* TemtemList */,
				4BADED382B50B47E00E7D428 /* ItemsList */,
				4BADED392B50B48C00E7D428 /* MovesList */,
				4BADED3A2B50B4B200E7D428 /* TechniquesList */,
				4BADED3B2B50B4BC00E7D428 /* TypesList */,
				4B1593772B55D98300E8AB18 /* TemtemImage */,
				4B15937A2B560F5600E8AB18 /* TemtemDetails */,
			);
			path = Views;
			sourceTree = "<group>";
		};
		4BADED332B50AE8900E7D428 /* TemtemList */ = {
			isa = PBXGroup;
			children = (
				4BADED342B50AEAF00E7D428 /* TemtemListReducer.swift */,
				4BADED362B50B0CE00E7D428 /* TemtemListView.swift */,
			);
			path = TemtemList;
			sourceTree = "<group>";
		};
		4BADED382B50B47E00E7D428 /* ItemsList */ = {
			isa = PBXGroup;
			children = (
				4BADED3C2B50B4D900E7D428 /* ItemsListReducer.swift */,
				4BADED3E2B50B4E400E7D428 /* ItemsListView.swift */,
			);
			path = ItemsList;
			sourceTree = "<group>";
		};
		4BADED392B50B48C00E7D428 /* MovesList */ = {
			isa = PBXGroup;
			children = (
				4BADED402B50B4FA00E7D428 /* MovesListReducer.swift */,
				4BADED422B50B50200E7D428 /* MovesListView.swift */,
			);
			path = MovesList;
			sourceTree = "<group>";
		};
		4BADED3A2B50B4B200E7D428 /* TechniquesList */ = {
			isa = PBXGroup;
			children = (
				4BADED442B50B50E00E7D428 /* TechniquesListReducer.swift */,
				4BADED462B50B51A00E7D428 /* TechniquesListView.swift */,
			);
			path = TechniquesList;
			sourceTree = "<group>";
		};
		4BADED3B2B50B4BC00E7D428 /* TypesList */ = {
			isa = PBXGroup;
			children = (
				4BADED482B50B52400E7D428 /* TypesListReducer.swift */,
				4BADED4A2B50B52D00E7D428 /* TypesListView.swift */,
			);
			path = TypesList;
			sourceTree = "<group>";
		};
		4BADED4C2B51B4BF00E7D428 /* Network */ = {
			isa = PBXGroup;
			children = (
				4BADED4F2B51B55600E7D428 /* API.swift */,
				4BADED512B51B60800E7D428 /* Endpoint.swift */,
				4BADED532B51B61B00E7D428 /* NetworkState.swift */,
				4BADED552B51B69100E7D428 /* Live */,
				4BADED562B51B69900E7D428 /* Mock */,
				4BADED5B2B51B93800E7D428 /* Models */,
			);
			path = Network;
			sourceTree = "<group>";
		};
		4BADED4D2B51B4C600E7D428 /* Dependencies */ = {
			isa = PBXGroup;
			children = (
				4BADED5E2B51BE2B00E7D428 /* NetworkDependency.swift */,
				4BADED602B51BE6700E7D428 /* StorageDependency.swift */,
			);
			path = Dependencies;
			sourceTree = "<group>";
		};
		4BADED4E2B51B4ED00E7D428 /* Storage */ = {
			isa = PBXGroup;
			children = (
				4BADED592B51B83400E7D428 /* Storage.swift */,
			);
			path = Storage;
			sourceTree = "<group>";
		};
		4BADED552B51B69100E7D428 /* Live */ = {
			isa = PBXGroup;
			children = (
				4BADED572B51B6EB00E7D428 /* LiveAPI.swift */,
			);
			path = Live;
			sourceTree = "<group>";
		};
		4BADED562B51B69900E7D428 /* Mock */ = {
			isa = PBXGroup;
			children = (
				4B15936F2B51D62800E8AB18 /* MockAPI.swift */,
				4B1593712B51D6E300E8AB18 /* MockData.swift */,
			);
			path = Mock;
			sourceTree = "<group>";
		};
		4BADED5B2B51B93800E7D428 /* Models */ = {
			isa = PBXGroup;
			children = (
				4BADED5C2B51B94300E7D428 /* Temtem.swift */,
				4B1593732B51E25400E8AB18 /* Type.swift */,
				4B1593752B55D2B200E8AB18 /* TemtemImages.swift */,
			);
			path = Models;
			sourceTree = "<group>";
		};
		4BECD3092B504ED50075BB51 = {
			isa = PBXGroup;
			children = (
				4BECD3142B504ED50075BB51 /* Tempedia */,
				4BECD3132B504ED50075BB51 /* Products */,
			);
			sourceTree = "<group>";
		};
		4BECD3132B504ED50075BB51 /* Products */ = {
			isa = PBXGroup;
			children = (
				4BECD3122B504ED50075BB51 /* Tempedia.app */,
			);
			name = Products;
			sourceTree = "<group>";
		};
		4BECD3142B504ED50075BB51 /* Tempedia */ = {
			isa = PBXGroup;
			children = (
				4BECD3152B504ED50075BB51 /* TempediaApp.swift */,
				4BB3BB012B5057CE00A75DF2 /* AppReducer.swift */,
				4BB3BAFF2B50579900A75DF2 /* AppView.swift */,
				4BB3BB142B505F9000A75DF2 /* swiftgen.yml */,
				4BECD3192B504ED70075BB51 /* Assets.xcassets */,
				4BADED2D2B50A42300E7D428 /* Source */,
				4BECD31B2B504ED70075BB51 /* Preview Content */,
			);
			path = Tempedia;
			sourceTree = "<group>";
		};
		4BECD31B2B504ED70075BB51 /* Preview Content */ = {
			isa = PBXGroup;
			children = (
				4BECD31C2B504ED70075BB51 /* Preview Assets.xcassets */,
			);
			path = "Preview Content";
			sourceTree = "<group>";
		};
/* End PBXGroup section */

/* Begin PBXNativeTarget section */
		4BECD3112B504ED50075BB51 /* Tempedia */ = {
			isa = PBXNativeTarget;
			buildConfigurationList = 4BECD3202B504ED70075BB51 /* Build configuration list for PBXNativeTarget "Tempedia" */;
			buildPhases = (
				4BECD30E2B504ED50075BB51 /* Sources */,
				4BECD30F2B504ED50075BB51 /* Frameworks */,
				4BECD3102B504ED50075BB51 /* Resources */,
			);
			buildRules = (
			);
			dependencies = (
				4BADED2C2B50A3AB00E7D428 /* PBXTargetDependency */,
				4BB3BAFB2B50559B00A75DF2 /* PBXTargetDependency */,
			);
			name = Tempedia;
			packageProductDependencies = (
				4BB3BAFD2B5056F600A75DF2 /* ComposableArchitecture */,
			);
			productName = Tempedia;
			productReference = 4BECD3122B504ED50075BB51 /* Tempedia.app */;
			productType = "com.apple.product-type.application";
		};
/* End PBXNativeTarget section */

/* Begin PBXProject section */
		4BECD30A2B504ED50075BB51 /* Project object */ = {
			isa = PBXProject;
			attributes = {
				BuildIndependentTargetsInParallel = 1;
				LastSwiftUpdateCheck = 1510;
				LastUpgradeCheck = 1510;
				TargetAttributes = {
					4BECD3112B504ED50075BB51 = {
						CreatedOnToolsVersion = 15.1;
					};
				};
			};
			buildConfigurationList = 4BECD30D2B504ED50075BB51 /* Build configuration list for PBXProject "Tempedia" */;
			compatibilityVersion = "Xcode 14.0";
			developmentRegion = en;
			hasScannedForEncodings = 0;
			knownRegions = (
				en,
				Base,
			);
			mainGroup = 4BECD3092B504ED50075BB51;
			packageReferences = (
				4BB3BAF92B50558900A75DF2 /* XCRemoteSwiftPackageReference "SwiftLint" */,
				4BB3BAFC2B5056F600A75DF2 /* XCRemoteSwiftPackageReference "swift-composable-architecture" */,
				4BADED2A2B50A3A100E7D428 /* XCRemoteSwiftPackageReference "SwiftGenPlugin" */,
			);
			productRefGroup = 4BECD3132B504ED50075BB51 /* Products */;
			projectDirPath = "";
			projectRoot = "";
			targets = (
				4BECD3112B504ED50075BB51 /* Tempedia */,
			);
		};
/* End PBXProject section */

/* Begin PBXResourcesBuildPhase section */
		4BECD3102B504ED50075BB51 /* Resources */ = {
			isa = PBXResourcesBuildPhase;
			buildActionMask = 2147483647;
			files = (
				4BECD31D2B504ED70075BB51 /* Preview Assets.xcassets in Resources */,
				4BECD31A2B504ED70075BB51 /* Assets.xcassets in Resources */,
				4BB3BB152B505F9000A75DF2 /* swiftgen.yml in Resources */,
			);
			runOnlyForDeploymentPostprocessing = 0;
		};
/* End PBXResourcesBuildPhase section */

/* Begin PBXSourcesBuildPhase section */
		4BECD30E2B504ED50075BB51 /* Sources */ = {
			isa = PBXSourcesBuildPhase;
			buildActionMask = 2147483647;
			files = (
				4BADED472B50B51A00E7D428 /* TechniquesListView.swift in Sources */,
				4B15937E2B560F7C00E8AB18 /* TemtemDetailsReducer.swift in Sources */,
				4BADED372B50B0CE00E7D428 /* TemtemListView.swift in Sources */,
				4BADED3F2B50B4E400E7D428 /* ItemsListView.swift in Sources */,
				4B1593722B51D6E300E8AB18 /* MockData.swift in Sources */,
				4BADED3D2B50B4D900E7D428 /* ItemsListReducer.swift in Sources */,
				4BB3BB022B5057CE00A75DF2 /* AppReducer.swift in Sources */,
				4BECD3162B504ED50075BB51 /* TempediaApp.swift in Sources */,
				4B15936E2B51CBA800E8AB18 /* Formatters.swift in Sources */,
				4BADED322B50A50700E7D428 /* HomeReducer.swift in Sources */,
				4BADED302B50A4EB00E7D428 /* HomeView.swift in Sources */,
				4BADED352B50AEAF00E7D428 /* TemtemListReducer.swift in Sources */,
				4BB3BB002B50579900A75DF2 /* AppView.swift in Sources */,
				4BADED4B2B50B52D00E7D428 /* TypesListView.swift in Sources */,
				4BADED5F2B51BE2B00E7D428 /* NetworkDependency.swift in Sources */,
				4BADED452B50B50E00E7D428 /* TechniquesListReducer.swift in Sources */,
				4BADED582B51B6EB00E7D428 /* LiveAPI.swift in Sources */,
				4BADED432B50B50200E7D428 /* MovesListView.swift in Sources */,
				4BADED492B50B52400E7D428 /* TypesListReducer.swift in Sources */,
				4BADED542B51B61B00E7D428 /* NetworkState.swift in Sources */,
				4B1593792B55D9A100E8AB18 /* TemtemImageView.swift in Sources */,
				4BADED502B51B55600E7D428 /* API.swift in Sources */,
				4BADED522B51B60800E7D428 /* Endpoint.swift in Sources */,
				4BADED5D2B51B94300E7D428 /* Temtem.swift in Sources */,
				4BADED5A2B51B83400E7D428 /* Storage.swift in Sources */,
				4B1593762B55D2B200E8AB18 /* TemtemImages.swift in Sources */,
				4BADED612B51BE6700E7D428 /* StorageDependency.swift in Sources */,
				4B1593702B51D62800E8AB18 /* MockAPI.swift in Sources */,
				4BADED412B50B4FA00E7D428 /* MovesListReducer.swift in Sources */,
				4B15937C2B560F6B00E8AB18 /* TemtemDetailsView.swift in Sources */,
				4B1593742B51E25400E8AB18 /* Type.swift in Sources */,
			);
			runOnlyForDeploymentPostprocessing = 0;
		};
/* End PBXSourcesBuildPhase section */

/* Begin PBXTargetDependency section */
		4BADED2C2B50A3AB00E7D428 /* PBXTargetDependency */ = {
			isa = PBXTargetDependency;
			productRef = 4BADED2B2B50A3AB00E7D428 /* SwiftGenPlugin */;
		};
		4BB3BAFB2B50559B00A75DF2 /* PBXTargetDependency */ = {
			isa = PBXTargetDependency;
			productRef = 4BB3BAFA2B50559B00A75DF2 /* SwiftLintPlugin */;
		};
/* End PBXTargetDependency section */

/* Begin XCBuildConfiguration section */
		4BECD31E2B504ED70075BB51 /* Debug */ = {
			isa = XCBuildConfiguration;
			buildSettings = {
				ALWAYS_SEARCH_USER_PATHS = NO;
				ASSETCATALOG_COMPILER_GENERATE_SWIFT_ASSET_SYMBOL_EXTENSIONS = YES;
				CLANG_ANALYZER_NONNULL = YES;
				CLANG_ANALYZER_NUMBER_OBJECT_CONVERSION = YES_AGGRESSIVE;
				CLANG_CXX_LANGUAGE_STANDARD = "gnu++20";
				CLANG_ENABLE_MODULES = YES;
				CLANG_ENABLE_OBJC_ARC = YES;
				CLANG_ENABLE_OBJC_WEAK = YES;
				CLANG_WARN_BLOCK_CAPTURE_AUTORELEASING = YES;
				CLANG_WARN_BOOL_CONVERSION = YES;
				CLANG_WARN_COMMA = YES;
				CLANG_WARN_CONSTANT_CONVERSION = YES;
				CLANG_WARN_DEPRECATED_OBJC_IMPLEMENTATIONS = YES;
				CLANG_WARN_DIRECT_OBJC_ISA_USAGE = YES_ERROR;
				CLANG_WARN_DOCUMENTATION_COMMENTS = YES;
				CLANG_WARN_EMPTY_BODY = YES;
				CLANG_WARN_ENUM_CONVERSION = YES;
				CLANG_WARN_INFINITE_RECURSION = YES;
				CLANG_WARN_INT_CONVERSION = YES;
				CLANG_WARN_NON_LITERAL_NULL_CONVERSION = YES;
				CLANG_WARN_OBJC_IMPLICIT_RETAIN_SELF = YES;
				CLANG_WARN_OBJC_LITERAL_CONVERSION = YES;
				CLANG_WARN_OBJC_ROOT_CLASS = YES_ERROR;
				CLANG_WARN_QUOTED_INCLUDE_IN_FRAMEWORK_HEADER = YES;
				CLANG_WARN_RANGE_LOOP_ANALYSIS = YES;
				CLANG_WARN_STRICT_PROTOTYPES = YES;
				CLANG_WARN_SUSPICIOUS_MOVE = YES;
				CLANG_WARN_UNGUARDED_AVAILABILITY = YES_AGGRESSIVE;
				CLANG_WARN_UNREACHABLE_CODE = YES;
				CLANG_WARN__DUPLICATE_METHOD_MATCH = YES;
				COPY_PHASE_STRIP = NO;
				DEBUG_INFORMATION_FORMAT = dwarf;
				ENABLE_STRICT_OBJC_MSGSEND = YES;
				ENABLE_TESTABILITY = YES;
				ENABLE_USER_SCRIPT_SANDBOXING = YES;
				GCC_C_LANGUAGE_STANDARD = gnu17;
				GCC_DYNAMIC_NO_PIC = NO;
				GCC_NO_COMMON_BLOCKS = YES;
				GCC_OPTIMIZATION_LEVEL = 0;
				GCC_PREPROCESSOR_DEFINITIONS = (
					"DEBUG=1",
					"$(inherited)",
				);
				GCC_WARN_64_TO_32_BIT_CONVERSION = YES;
				GCC_WARN_ABOUT_RETURN_TYPE = YES_ERROR;
				GCC_WARN_UNDECLARED_SELECTOR = YES;
				GCC_WARN_UNINITIALIZED_AUTOS = YES_AGGRESSIVE;
				GCC_WARN_UNUSED_FUNCTION = YES;
				GCC_WARN_UNUSED_VARIABLE = YES;
				IPHONEOS_DEPLOYMENT_TARGET = 17.2;
				LOCALIZATION_PREFERS_STRING_CATALOGS = YES;
				MTL_ENABLE_DEBUG_INFO = INCLUDE_SOURCE;
				MTL_FAST_MATH = YES;
				ONLY_ACTIVE_ARCH = YES;
				SDKROOT = iphoneos;
				SWIFT_ACTIVE_COMPILATION_CONDITIONS = "DEBUG $(inherited)";
				SWIFT_OPTIMIZATION_LEVEL = "-Onone";
			};
			name = Debug;
		};
		4BECD31F2B504ED70075BB51 /* Release */ = {
			isa = XCBuildConfiguration;
			buildSettings = {
				ALWAYS_SEARCH_USER_PATHS = NO;
				ASSETCATALOG_COMPILER_GENERATE_SWIFT_ASSET_SYMBOL_EXTENSIONS = YES;
				CLANG_ANALYZER_NONNULL = YES;
				CLANG_ANALYZER_NUMBER_OBJECT_CONVERSION = YES_AGGRESSIVE;
				CLANG_CXX_LANGUAGE_STANDARD = "gnu++20";
				CLANG_ENABLE_MODULES = YES;
				CLANG_ENABLE_OBJC_ARC = YES;
				CLANG_ENABLE_OBJC_WEAK = YES;
				CLANG_WARN_BLOCK_CAPTURE_AUTORELEASING = YES;
				CLANG_WARN_BOOL_CONVERSION = YES;
				CLANG_WARN_COMMA = YES;
				CLANG_WARN_CONSTANT_CONVERSION = YES;
				CLANG_WARN_DEPRECATED_OBJC_IMPLEMENTATIONS = YES;
				CLANG_WARN_DIRECT_OBJC_ISA_USAGE = YES_ERROR;
				CLANG_WARN_DOCUMENTATION_COMMENTS = YES;
				CLANG_WARN_EMPTY_BODY = YES;
				CLANG_WARN_ENUM_CONVERSION = YES;
				CLANG_WARN_INFINITE_RECURSION = YES;
				CLANG_WARN_INT_CONVERSION = YES;
				CLANG_WARN_NON_LITERAL_NULL_CONVERSION = YES;
				CLANG_WARN_OBJC_IMPLICIT_RETAIN_SELF = YES;
				CLANG_WARN_OBJC_LITERAL_CONVERSION = YES;
				CLANG_WARN_OBJC_ROOT_CLASS = YES_ERROR;
				CLANG_WARN_QUOTED_INCLUDE_IN_FRAMEWORK_HEADER = YES;
				CLANG_WARN_RANGE_LOOP_ANALYSIS = YES;
				CLANG_WARN_STRICT_PROTOTYPES = YES;
				CLANG_WARN_SUSPICIOUS_MOVE = YES;
				CLANG_WARN_UNGUARDED_AVAILABILITY = YES_AGGRESSIVE;
				CLANG_WARN_UNREACHABLE_CODE = YES;
				CLANG_WARN__DUPLICATE_METHOD_MATCH = YES;
				COPY_PHASE_STRIP = NO;
				DEBUG_INFORMATION_FORMAT = "dwarf-with-dsym";
				ENABLE_NS_ASSERTIONS = NO;
				ENABLE_STRICT_OBJC_MSGSEND = YES;
				ENABLE_USER_SCRIPT_SANDBOXING = YES;
				GCC_C_LANGUAGE_STANDARD = gnu17;
				GCC_NO_COMMON_BLOCKS = YES;
				GCC_WARN_64_TO_32_BIT_CONVERSION = YES;
				GCC_WARN_ABOUT_RETURN_TYPE = YES_ERROR;
				GCC_WARN_UNDECLARED_SELECTOR = YES;
				GCC_WARN_UNINITIALIZED_AUTOS = YES_AGGRESSIVE;
				GCC_WARN_UNUSED_FUNCTION = YES;
				GCC_WARN_UNUSED_VARIABLE = YES;
				IPHONEOS_DEPLOYMENT_TARGET = 17.2;
				LOCALIZATION_PREFERS_STRING_CATALOGS = YES;
				MTL_ENABLE_DEBUG_INFO = NO;
				MTL_FAST_MATH = YES;
				SDKROOT = iphoneos;
				SWIFT_COMPILATION_MODE = wholemodule;
				VALIDATE_PRODUCT = YES;
			};
			name = Release;
		};
		4BECD3212B504ED70075BB51 /* Debug */ = {
			isa = XCBuildConfiguration;
			buildSettings = {
				ASSETCATALOG_COMPILER_APPICON_NAME = AppIcon;
				ASSETCATALOG_COMPILER_GLOBAL_ACCENT_COLOR_NAME = AccentColor;
				CODE_SIGN_STYLE = Automatic;
				CURRENT_PROJECT_VERSION = 1;
				DEVELOPMENT_ASSET_PATHS = "\"Tempedia/Preview Content\"";
				DEVELOPMENT_TEAM = H2TZ68XJU7;
				ENABLE_PREVIEWS = YES;
				GENERATE_INFOPLIST_FILE = YES;
				INFOPLIST_KEY_UIApplicationSceneManifest_Generation = YES;
				INFOPLIST_KEY_UIApplicationSupportsIndirectInputEvents = YES;
				INFOPLIST_KEY_UILaunchScreen_Generation = YES;
				INFOPLIST_KEY_UISupportedInterfaceOrientations = "UIInterfaceOrientationLandscapeLeft UIInterfaceOrientationLandscapeRight UIInterfaceOrientationPortrait";
				LD_RUNPATH_SEARCH_PATHS = (
					"$(inherited)",
					"@executable_path/Frameworks",
				);
				MARKETING_VERSION = 1.0;
				PRODUCT_BUNDLE_IDENTIFIER = com.brick.Tempedia;
				PRODUCT_NAME = "$(TARGET_NAME)";
				SUPPORTED_PLATFORMS = "iphoneos iphonesimulator";
				SUPPORTS_MACCATALYST = NO;
				SUPPORTS_MAC_DESIGNED_FOR_IPHONE_IPAD = NO;
				SWIFT_EMIT_LOC_STRINGS = YES;
				SWIFT_VERSION = 5.0;
				TARGETED_DEVICE_FAMILY = "1,2";
			};
			name = Debug;
		};
		4BECD3222B504ED70075BB51 /* Release */ = {
			isa = XCBuildConfiguration;
			buildSettings = {
				ASSETCATALOG_COMPILER_APPICON_NAME = AppIcon;
				ASSETCATALOG_COMPILER_GLOBAL_ACCENT_COLOR_NAME = AccentColor;
				CODE_SIGN_STYLE = Automatic;
				CURRENT_PROJECT_VERSION = 1;
				DEVELOPMENT_ASSET_PATHS = "\"Tempedia/Preview Content\"";
				DEVELOPMENT_TEAM = H2TZ68XJU7;
				ENABLE_PREVIEWS = YES;
				GENERATE_INFOPLIST_FILE = YES;
				INFOPLIST_KEY_UIApplicationSceneManifest_Generation = YES;
				INFOPLIST_KEY_UIApplicationSupportsIndirectInputEvents = YES;
				INFOPLIST_KEY_UILaunchScreen_Generation = YES;
				INFOPLIST_KEY_UISupportedInterfaceOrientations = "UIInterfaceOrientationLandscapeLeft UIInterfaceOrientationLandscapeRight UIInterfaceOrientationPortrait";
				LD_RUNPATH_SEARCH_PATHS = (
					"$(inherited)",
					"@executable_path/Frameworks",
				);
				MARKETING_VERSION = 1.0;
				PRODUCT_BUNDLE_IDENTIFIER = com.brick.Tempedia;
				PRODUCT_NAME = "$(TARGET_NAME)";
				SUPPORTED_PLATFORMS = "iphoneos iphonesimulator";
				SUPPORTS_MACCATALYST = NO;
				SUPPORTS_MAC_DESIGNED_FOR_IPHONE_IPAD = NO;
				SWIFT_EMIT_LOC_STRINGS = YES;
				SWIFT_VERSION = 5.0;
				TARGETED_DEVICE_FAMILY = "1,2";
			};
			name = Release;
		};
/* End XCBuildConfiguration section */

/* Begin XCConfigurationList section */
		4BECD30D2B504ED50075BB51 /* Build configuration list for PBXProject "Tempedia" */ = {
			isa = XCConfigurationList;
			buildConfigurations = (
				4BECD31E2B504ED70075BB51 /* Debug */,
				4BECD31F2B504ED70075BB51 /* Release */,
			);
			defaultConfigurationIsVisible = 0;
			defaultConfigurationName = Release;
		};
		4BECD3202B504ED70075BB51 /* Build configuration list for PBXNativeTarget "Tempedia" */ = {
			isa = XCConfigurationList;
			buildConfigurations = (
				4BECD3212B504ED70075BB51 /* Debug */,
				4BECD3222B504ED70075BB51 /* Release */,
			);
			defaultConfigurationIsVisible = 0;
			defaultConfigurationName = Release;
		};
/* End XCConfigurationList section */

/* Begin XCRemoteSwiftPackageReference section */
		4BADED2A2B50A3A100E7D428 /* XCRemoteSwiftPackageReference "SwiftGenPlugin" */ = {
			isa = XCRemoteSwiftPackageReference;
			repositoryURL = "https://github.com/BookBeat/SwiftGenPlugin";
			requirement = {
				branch = "xcodeproject-support";
				kind = branch;
			};
		};
		4BB3BAF92B50558900A75DF2 /* XCRemoteSwiftPackageReference "SwiftLint" */ = {
			isa = XCRemoteSwiftPackageReference;
			repositoryURL = "https://github.com/realm/SwiftLint";
			requirement = {
				kind = upToNextMajorVersion;
				minimumVersion = 0.54.0;
			};
		};
		4BB3BAFC2B5056F600A75DF2 /* XCRemoteSwiftPackageReference "swift-composable-architecture" */ = {
			isa = XCRemoteSwiftPackageReference;
			repositoryURL = "https://github.com/pointfreeco/swift-composable-architecture";
			requirement = {
				kind = upToNextMajorVersion;
				minimumVersion = 1.6.0;
			};
		};
/* End XCRemoteSwiftPackageReference section */

/* Begin XCSwiftPackageProductDependency section */
		4BADED2B2B50A3AB00E7D428 /* SwiftGenPlugin */ = {
			isa = XCSwiftPackageProductDependency;
			package = 4BADED2A2B50A3A100E7D428 /* XCRemoteSwiftPackageReference "SwiftGenPlugin" */;
			productName = "plugin:SwiftGenPlugin";
		};
		4BB3BAFA2B50559B00A75DF2 /* SwiftLintPlugin */ = {
			isa = XCSwiftPackageProductDependency;
			package = 4BB3BAF92B50558900A75DF2 /* XCRemoteSwiftPackageReference "SwiftLint" */;
			productName = "plugin:SwiftLintPlugin";
		};
		4BB3BAFD2B5056F600A75DF2 /* ComposableArchitecture */ = {
			isa = XCSwiftPackageProductDependency;
			package = 4BB3BAFC2B5056F600A75DF2 /* XCRemoteSwiftPackageReference "swift-composable-architecture" */;
			productName = ComposableArchitecture;
		};
/* End XCSwiftPackageProductDependency section */
	};
	rootObject = 4BECD30A2B504ED50075BB51 /* Project object */;
}
